// !$*UTF8*$!
{
	archiveVersion = 1;
	classes = {
	};
	objectVersion = 46;
	objects = {
/* Begin PBXBuildFile section */
		0207DA581B56EA530066E2B4 /* Images.xcassets in Resources */ = {isa = PBXBuildFile; fileRef = 0207DA571B56EA530066E2B4 /* Images.xcassets */; };
		1D3623260D0F684500981E51 /* AppDelegate.m in Sources */ = {isa = PBXBuildFile; fileRef = 1D3623250D0F684500981E51 /* AppDelegate.m */; };
		1D60589B0D05DD56006BFB54 /* main.m in Sources */ = {isa = PBXBuildFile; fileRef = 29B97316FDCFA39411CA2CEA /* main.m */; };
		301BF552109A68D80062928A /* libCordova.a in Frameworks */ = {isa = PBXBuildFile; fileRef = 301BF535109A57CC0062928A /* libCordova.a */; settings = {ATTRIBUTES = (Required, ); }; };
		302D95F114D2391D003F00A1 /* MainViewController.m in Sources */ = {isa = PBXBuildFile; fileRef = 302D95EF14D2391D003F00A1 /* MainViewController.m */; };
		302D95F214D2391D003F00A1 /* MainViewController.xib in Resources */ = {isa = PBXBuildFile; fileRef = 302D95F014D2391D003F00A1 /* MainViewController.xib */; };
		6AFF5BF91D6E424B00AB3073 /* CDVLaunchScreen.storyboard in Resources */ = {isa = PBXBuildFile; fileRef = 6AFF5BF81D6E424B00AB3073 /* CDVLaunchScreen.storyboard */; };
		A7FCA6B489D647FBBB0BBB70 /* CDVDevice.m in Sources */ = {isa = PBXBuildFile; fileRef = 2541EC29EEF3499FB086E239 /* CDVDevice.m */; };
		4933E3A36BF848468AF81908 /* CDVFile.m in Sources */ = {isa = PBXBuildFile; fileRef = 2ADEC1ECCFE2469194CAED21 /* CDVFile.m */; };
		1F2EAA6D43114CD99D3A8927 /* CDVLocalFilesystem.m in Sources */ = {isa = PBXBuildFile; fileRef = FA27CC79FD464E6AAFB5B237 /* CDVLocalFilesystem.m */; };
		973916566DEF4CB8B6557570 /* CDVAssetLibraryFilesystem.m in Sources */ = {isa = PBXBuildFile; fileRef = 9A95412E113E444AA013CF5F /* CDVAssetLibraryFilesystem.m */; };
		5FDCE8CE86CA412FB7513A21 /* FileOpener2.m in Sources */ = {isa = PBXBuildFile; fileRef = 3A483E510B204EC9A1F32FEB /* FileOpener2.m */; };
		77A5BA80DA2B482AA4F3B977 /* CDVInAppBrowser.m in Sources */ = {isa = PBXBuildFile; fileRef = 0B6413C5D8404AA19732E6B4 /* CDVInAppBrowser.m */; };
		9B8977AFE83E4098B3AB2A8C /* CDVInAppBrowserOptions.m in Sources */ = {isa = PBXBuildFile; fileRef = A6167F5CE6BA4BFA82ED4C0B /* CDVInAppBrowserOptions.m */; };
		D792F45BFEC54AC1B0249A60 /* CDVInAppBrowserNavigationController.m in Sources */ = {isa = PBXBuildFile; fileRef = 06436EA183374DB5A5F408A8 /* CDVInAppBrowserNavigationController.m */; };
		1A1228C951014F18898BEBA6 /* CDVUIInAppBrowser.m in Sources */ = {isa = PBXBuildFile; fileRef = 783420A1343F40C5971C3560 /* CDVUIInAppBrowser.m */; };
		EED41EFE033546BEB0131777 /* CDVWKInAppBrowser.m in Sources */ = {isa = PBXBuildFile; fileRef = 7CC47C6AD1014F84BE94FCE7 /* CDVWKInAppBrowser.m */; };
		669AB7EB38F64B73849A72C2 /* CDVWKInAppBrowserUIDelegate.m in Sources */ = {isa = PBXBuildFile; fileRef = 85D67AB7FE0346EDA8D3D0A5 /* CDVWKInAppBrowserUIDelegate.m */; };
		362868F6021943FB9BA197E5 /* CDVSplashScreen.m in Sources */ = {isa = PBXBuildFile; fileRef = AAEAA48DD83549B3B78DD13F /* CDVSplashScreen.m */; };
		A92134E6AF91499B8F57192D /* CDVViewController+SplashScreen.m in Sources */ = {isa = PBXBuildFile; fileRef = 9D2A416524EE4DE787AD4BE6 /* CDVViewController+SplashScreen.m */; };
		4E1ACE20922446128BB78145 /* CDVStatusBar.m in Sources */ = {isa = PBXBuildFile; fileRef = BC3D587AFCFC44BE918351E8 /* CDVStatusBar.m */; };
		F7D3076B60B4446FA8D1CD4C /* CDVNotification.m in Sources */ = {isa = PBXBuildFile; fileRef = 025D6D89C1FD49E8A6E982EE /* CDVNotification.m */; };
		450DC54C0E324F87AD4FA509 /* CDVNotification.bundle in Resources */ = {isa = PBXBuildFile; fileRef = 825DB83E6CE94D99A8911842 /* CDVNotification.bundle */; };
		96B7C77DE32A4E609E31CBB9 /* AudioToolbox.framework in Frameworks */ = {isa = PBXBuildFile; fileRef = 07D3D400BFEF497D964CFE14 /* AudioToolbox.framework */; settings = {ATTRIBUTES = (Weak, ); }; };
		3E581E78971746858CEAEA1B /* CodePush.m in Sources */ = {isa = PBXBuildFile; fileRef = 70AB5DC775A74F66AD312FEF /* CodePush.m */; };
		A4D9FABF5D764C5DBD737D04 /* CodePushPackageMetadata.m in Sources */ = {isa = PBXBuildFile; fileRef = FA33505B4EAB4B0BBFC24F1F /* CodePushPackageMetadata.m */; };
		CBBB60C646364A088E67DCA2 /* CodePushPackageManager.m in Sources */ = {isa = PBXBuildFile; fileRef = 3541011E22884E8DBD6C875F /* CodePushPackageManager.m */; };
		3C14A9476F16452F96F90BE6 /* CodePushReportingManager.m in Sources */ = {isa = PBXBuildFile; fileRef = B185EE6219A44EA3BD1362B1 /* CodePushReportingManager.m */; };
		053EE039C3C245F883CAE7CE /* InstallOptions.m in Sources */ = {isa = PBXBuildFile; fileRef = 4EE5D13955294688B30337AE /* InstallOptions.m */; };
		A04C48494A2D4B38B136FCB9 /* StatusReport.m in Sources */ = {isa = PBXBuildFile; fileRef = 3524CD138657495380F6C439 /* StatusReport.m */; };
		4819C5ADBC74452095881967 /* UpdateHashUtils.m in Sources */ = {isa = PBXBuildFile; fileRef = 2122CF0C3AA7468882BF713B /* UpdateHashUtils.m */; };
		89725E6458CA4EE7A71D840D /* Utilities.m in Sources */ = {isa = PBXBuildFile; fileRef = 083D8567B09E47CA963A69AF /* Utilities.m */; };
		919CCDEE73F644AEAF10C0C8 /* CDVWKWebViewEngine+CodePush.m in Sources */ = {isa = PBXBuildFile; fileRef = 24E382FA0E754218ABDF848C /* CDVWKWebViewEngine+CodePush.m */; };
		4FB47054451A41F9BF7C38D1 /* CodePushJWTAlgorithmFactory.m in Sources */ = {isa = PBXBuildFile; fileRef = A418A12E98C04FC095EF3453 /* CodePushJWTAlgorithmFactory.m */; };
		B9E63F360E344921963F8AA9 /* CodePushJWTAlgorithmNone.m in Sources */ = {isa = PBXBuildFile; fileRef = 48D6118CCA0941F3861EE2F3 /* CodePushJWTAlgorithmNone.m */; };
		A4A071CC243545FDB6CC4236 /* CodePushJWTAlgorithmESBase.m in Sources */ = {isa = PBXBuildFile; fileRef = 4F50E23F71114954A97CE6FC /* CodePushJWTAlgorithmESBase.m */; };
		B6DD0AFEC5F64ED8AF911EF0 /* CodePushJWTAlgorithmDataHolder.m in Sources */ = {isa = PBXBuildFile; fileRef = AEE1A128693240B4AC0FA997 /* CodePushJWTAlgorithmDataHolder.m */; };
		3D76BB8DCF3C4A54AD7310E9 /* CodePushJWTAlgorithmDataHolderChain.m in Sources */ = {isa = PBXBuildFile; fileRef = EB887111E58F414DA27B851E /* CodePushJWTAlgorithmDataHolderChain.m */; };
		A54132EBBABC47F993913F89 /* CodePushJWTAlgorithmHSBase.m in Sources */ = {isa = PBXBuildFile; fileRef = 5F79C7E2FFDE4BEA9CB7286D /* CodePushJWTAlgorithmHSBase.m */; };
		66E450B1128B49D6BE791FDA /* CodePushJWTAlgorithmRSBase.m in Sources */ = {isa = PBXBuildFile; fileRef = FD85DA1AF629462FB49374B4 /* CodePushJWTAlgorithmRSBase.m */; };
		EDD7BC5C8D98493B8E8B8BFC /* CodePushJWTCryptoKey.m in Sources */ = {isa = PBXBuildFile; fileRef = 4547C07DE976468B8AE06851 /* CodePushJWTCryptoKey.m */; };
		50F7C9B77E28491E94971F2B /* CodePushJWTCryptoKeyExtractor.m in Sources */ = {isa = PBXBuildFile; fileRef = 355B3ACB83704BF5820B10B7 /* CodePushJWTCryptoKeyExtractor.m */; };
		CD1148FB61F6407B93D66533 /* CodePushJWTCryptoSecurity.m in Sources */ = {isa = PBXBuildFile; fileRef = 25CA1460080E4EB1927A7BBF /* CodePushJWTCryptoSecurity.m */; };
		D1F043656582473F935A9EB3 /* CodePushJWTClaim.m in Sources */ = {isa = PBXBuildFile; fileRef = 38E78537429B454C852EF190 /* CodePushJWTClaim.m */; };
		379DEE873A57449FB748DEB4 /* CodePushJWTClaimsSet.m in Sources */ = {isa = PBXBuildFile; fileRef = 307211CB14704A01BDE95599 /* CodePushJWTClaimsSet.m */; };
		4618ECCAFA6A417FABEFE25B /* CodePushJWTClaimsSetSerializer.m in Sources */ = {isa = PBXBuildFile; fileRef = 5469B7F578824B999F286723 /* CodePushJWTClaimsSetSerializer.m */; };
		E53F763B5C0B42B6B2166E4E /* CodePushJWTClaimsSetVerifier.m in Sources */ = {isa = PBXBuildFile; fileRef = 3B8D6BEC68EF4291B37F6FFE /* CodePushJWTClaimsSetVerifier.m */; };
		37B6E010B89B41CF9C1DA5C1 /* CodePushJWTCoding+ResultTypes.m in Sources */ = {isa = PBXBuildFile; fileRef = BE73188B10414E0888FC5999 /* CodePushJWTCoding+ResultTypes.m */; };
		375DC8D3E5884C7E8DFD9744 /* CodePushJWTCoding+VersionOne.m in Sources */ = {isa = PBXBuildFile; fileRef = 011F3DFB27D9440DA6736752 /* CodePushJWTCoding+VersionOne.m */; };
		28285899817840B493600539 /* CodePushJWTCoding+VersionThree.m in Sources */ = {isa = PBXBuildFile; fileRef = E0F61B1537244952AB1B66CF /* CodePushJWTCoding+VersionThree.m */; };
		2C1DE1B552B245379D81A29D /* CodePushJWTCoding+VersionTwo.m in Sources */ = {isa = PBXBuildFile; fileRef = FFB30141CFBA410296034B2D /* CodePushJWTCoding+VersionTwo.m */; };
		F185B61CE3844E579AC76F1C /* CodePushJWTCoding.m in Sources */ = {isa = PBXBuildFile; fileRef = 7747D871DF7B46F98A4F27A2 /* CodePushJWTCoding.m */; };
		76499F0A9ED74D9D87751CCE /* CodePushJWTBase64Coder.m in Sources */ = {isa = PBXBuildFile; fileRef = D65862212C8F48DCB7E8D65F /* CodePushJWTBase64Coder.m */; };
		8EFB651D89B0467DA70BDF25 /* CodePushJWTErrorDescription.m in Sources */ = {isa = PBXBuildFile; fileRef = 6A421ABE25F74DF683C40655 /* CodePushJWTErrorDescription.m */; };
		6AD897ECED60466F88117716 /* CodePushMF_Base64Additions.m in Sources */ = {isa = PBXBuildFile; fileRef = 4470AA66682C4B1AB0149423 /* CodePushMF_Base64Additions.m */; };
/* End PBXBuildFile section */

/* Begin PBXContainerItemProxy section */
		301BF534109A57CC0062928A /* PBXContainerItemProxy */ = {
			isa = PBXContainerItemProxy;
			containerPortal = 301BF52D109A57CC0062928A /* CordovaLib.xcodeproj */;
			proxyType = 2;
			remoteGlobalIDString = D2AAC07E0554694100DB518D;
			remoteInfo = CordovaLib;
		};
		301BF550109A68C00062928A /* PBXContainerItemProxy */ = {
			isa = PBXContainerItemProxy;
			containerPortal = 301BF52D109A57CC0062928A /* CordovaLib.xcodeproj */;
			proxyType = 1;
			remoteGlobalIDString = D2AAC07D0554694100DB518D;
			remoteInfo = CordovaLib;
		};
		907D8123214C687600058A10 /* PBXContainerItemProxy */ = {
			isa = PBXContainerItemProxy;
			containerPortal = 301BF52D109A57CC0062928A /* CordovaLib.xcodeproj */;
			proxyType = 2;
			remoteGlobalIDString = C0C01EB21E3911D50056E6CB;
			remoteInfo = Cordova;
		};
/* End PBXContainerItemProxy section */

/* Begin PBXFileReference section */
		0207DA571B56EA530066E2B4 /* Images.xcassets */ = {isa = PBXFileReference; lastKnownFileType = folder.assetcatalog; name = Images.xcassets; path = "CBD Events/Images.xcassets"; sourceTree = SOURCE_ROOT; };
		1D3623240D0F684500981E51 /* AppDelegate.h */ = {isa = PBXFileReference; fileEncoding = 4; lastKnownFileType = sourcecode.c.h; path = AppDelegate.h; sourceTree = "<group>"; };
		1D3623250D0F684500981E51 /* AppDelegate.m */ = {isa = PBXFileReference; fileEncoding = 4; lastKnownFileType = sourcecode.c.objc; path = AppDelegate.m; sourceTree = "<group>"; };
		1D6058910D05DD3D006BFB54 /* CBD Events.app */ = {isa = PBXFileReference; explicitFileType = wrapper.application; includeInIndex = 0; path = "CBD Events.app"; sourceTree = BUILT_PRODUCTS_DIR; };
		29B97316FDCFA39411CA2CEA /* main.m */ = {isa = PBXFileReference; fileEncoding = 4; lastKnownFileType = sourcecode.c.objc; path = main.m; sourceTree = "<group>"; };
		301BF52D109A57CC0062928A /* CordovaLib.xcodeproj */ = {isa = PBXFileReference; lastKnownFileType = "wrapper.pb-project"; path = CordovaLib/CordovaLib.xcodeproj; sourceTree = "<group>"; };
		301BF56E109A69640062928A /* www */ = {isa = PBXFileReference; lastKnownFileType = folder; path = www; sourceTree = SOURCE_ROOT; };
		302D95EE14D2391D003F00A1 /* MainViewController.h */ = {isa = PBXFileReference; fileEncoding = 4; lastKnownFileType = sourcecode.c.h; path = MainViewController.h; sourceTree = "<group>"; };
		302D95EF14D2391D003F00A1 /* MainViewController.m */ = {isa = PBXFileReference; fileEncoding = 4; lastKnownFileType = sourcecode.c.objc; path = MainViewController.m; sourceTree = "<group>"; };
		302D95F014D2391D003F00A1 /* MainViewController.xib */ = {isa = PBXFileReference; fileEncoding = 4; lastKnownFileType = file.xib; path = MainViewController.xib; sourceTree = "<group>"; };
		3047A50F1AB8059700498E2A /* build-debug.xcconfig */ = {isa = PBXFileReference; fileEncoding = 4; lastKnownFileType = text.xcconfig; name = "build-debug.xcconfig"; path = "cordova/build-debug.xcconfig"; sourceTree = SOURCE_ROOT; };
		3047A5101AB8059700498E2A /* build-release.xcconfig */ = {isa = PBXFileReference; fileEncoding = 4; lastKnownFileType = text.xcconfig; name = "build-release.xcconfig"; path = "cordova/build-release.xcconfig"; sourceTree = SOURCE_ROOT; };
		3047A5111AB8059700498E2A /* build.xcconfig */ = {isa = PBXFileReference; fileEncoding = 4; lastKnownFileType = text.xcconfig; name = build.xcconfig; path = cordova/build.xcconfig; sourceTree = SOURCE_ROOT; };
		32CA4F630368D1EE00C91783 /* CBD Events-Prefix.pch */ = {isa = PBXFileReference; fileEncoding = 4; lastKnownFileType = sourcecode.c.h; path = "CBD Events-Prefix.pch"; sourceTree = "<group>"; };
		6AFF5BF81D6E424B00AB3073 /* CDVLaunchScreen.storyboard */ = {isa = PBXFileReference; fileEncoding = 4; lastKnownFileType = file.storyboard; name = CDVLaunchScreen.storyboard; path = "CBD Events/CDVLaunchScreen.storyboard"; sourceTree = SOURCE_ROOT; };
		8D1107310486CEB800E47090 /* CBD Events-Info.plist */ = {isa = PBXFileReference; fileEncoding = 4; lastKnownFileType = text.plist.xml; name = "CBD Events-Info.plist"; path = "CBD Events/CBD Events-Info.plist"; plistStructureDefinitionIdentifier = "com.apple.xcode.plist.structure-definition.iphone.info-plist"; sourceTree = SOURCE_ROOT; };
		EB87FDF31871DA8E0020F90C /* www */ = {isa = PBXFileReference; lastKnownFileType = folder; name = www; path = ../../www; sourceTree = "<group>"; };
		EB87FDF41871DAF40020F90C /* config.xml */ = {isa = PBXFileReference; lastKnownFileType = text.xml; name = config.xml; path = ../../config.xml; sourceTree = "<group>"; };
		ED33DF2A687741AEAF9F8254 /* Bridging-Header.h */ = {isa = PBXFileReference; fileEncoding = 4; lastKnownFileType = sourcecode.c.h; name = "Bridging-Header.h"; path = "Bridging-Header.h"; sourceTree = "<group>"; };
		F840E1F0165FE0F500CFE078 /* config.xml */ = {isa = PBXFileReference; lastKnownFileType = text.xml; name = config.xml; path = "CBD Events/config.xml"; sourceTree = "<group>"; };
		2541EC29EEF3499FB086E239 /* CDVDevice.m */ = {isa = PBXFileReference; name = "CDVDevice.m"; path = "cordova-plugin-device/CDVDevice.m"; sourceTree = "<group>"; fileEncoding = 4; lastKnownFileType = sourcecode.c.objc; explicitFileType = undefined; includeInIndex = 0; };
		F4E6E2EE9543477091923892 /* CDVDevice.h */ = {isa = PBXFileReference; name = "CDVDevice.h"; path = "cordova-plugin-device/CDVDevice.h"; sourceTree = "<group>"; fileEncoding = 4; lastKnownFileType = sourcecode.c.h; explicitFileType = undefined; includeInIndex = 0; };
		2ADEC1ECCFE2469194CAED21 /* CDVFile.m */ = {isa = PBXFileReference; name = "CDVFile.m"; path = "cordova-plugin-file/CDVFile.m"; sourceTree = "<group>"; fileEncoding = 4; lastKnownFileType = sourcecode.c.objc; explicitFileType = undefined; includeInIndex = 0; };
		FA27CC79FD464E6AAFB5B237 /* CDVLocalFilesystem.m */ = {isa = PBXFileReference; name = "CDVLocalFilesystem.m"; path = "cordova-plugin-file/CDVLocalFilesystem.m"; sourceTree = "<group>"; fileEncoding = 4; lastKnownFileType = sourcecode.c.objc; explicitFileType = undefined; includeInIndex = 0; };
		9A95412E113E444AA013CF5F /* CDVAssetLibraryFilesystem.m */ = {isa = PBXFileReference; name = "CDVAssetLibraryFilesystem.m"; path = "cordova-plugin-file/CDVAssetLibraryFilesystem.m"; sourceTree = "<group>"; fileEncoding = 4; lastKnownFileType = sourcecode.c.objc; explicitFileType = undefined; includeInIndex = 0; };
		BCC8858C25294B00871C86B4 /* CDVFile.h */ = {isa = PBXFileReference; name = "CDVFile.h"; path = "cordova-plugin-file/CDVFile.h"; sourceTree = "<group>"; fileEncoding = 4; lastKnownFileType = sourcecode.c.h; explicitFileType = undefined; includeInIndex = 0; };
		9E266DC00F1142749B24C91A /* CDVLocalFilesystem.h */ = {isa = PBXFileReference; name = "CDVLocalFilesystem.h"; path = "cordova-plugin-file/CDVLocalFilesystem.h"; sourceTree = "<group>"; fileEncoding = 4; lastKnownFileType = sourcecode.c.h; explicitFileType = undefined; includeInIndex = 0; };
		2E2B664A940048079A0EBC1A /* CDVAssetLibraryFilesystem.h */ = {isa = PBXFileReference; name = "CDVAssetLibraryFilesystem.h"; path = "cordova-plugin-file/CDVAssetLibraryFilesystem.h"; sourceTree = "<group>"; fileEncoding = 4; lastKnownFileType = sourcecode.c.h; explicitFileType = undefined; includeInIndex = 0; };
		3A483E510B204EC9A1F32FEB /* FileOpener2.m */ = {isa = PBXFileReference; name = "FileOpener2.m"; path = "cordova-plugin-file-opener2/FileOpener2.m"; sourceTree = "<group>"; fileEncoding = 4; lastKnownFileType = sourcecode.c.objc; explicitFileType = undefined; includeInIndex = 0; };
		5F0AA539FBA64FFEBE87ECDA /* FileOpener2.h */ = {isa = PBXFileReference; name = "FileOpener2.h"; path = "cordova-plugin-file-opener2/FileOpener2.h"; sourceTree = "<group>"; fileEncoding = 4; lastKnownFileType = sourcecode.c.h; explicitFileType = undefined; includeInIndex = 0; };
		0B6413C5D8404AA19732E6B4 /* CDVInAppBrowser.m */ = {isa = PBXFileReference; name = "CDVInAppBrowser.m"; path = "cordova-plugin-inappbrowser/CDVInAppBrowser.m"; sourceTree = "<group>"; fileEncoding = 4; lastKnownFileType = sourcecode.c.objc; explicitFileType = undefined; includeInIndex = 0; };
		A6167F5CE6BA4BFA82ED4C0B /* CDVInAppBrowserOptions.m */ = {isa = PBXFileReference; name = "CDVInAppBrowserOptions.m"; path = "cordova-plugin-inappbrowser/CDVInAppBrowserOptions.m"; sourceTree = "<group>"; fileEncoding = 4; lastKnownFileType = sourcecode.c.objc; explicitFileType = undefined; includeInIndex = 0; };
		06436EA183374DB5A5F408A8 /* CDVInAppBrowserNavigationController.m */ = {isa = PBXFileReference; name = "CDVInAppBrowserNavigationController.m"; path = "cordova-plugin-inappbrowser/CDVInAppBrowserNavigationController.m"; sourceTree = "<group>"; fileEncoding = 4; lastKnownFileType = sourcecode.c.objc; explicitFileType = undefined; includeInIndex = 0; };
		783420A1343F40C5971C3560 /* CDVUIInAppBrowser.m */ = {isa = PBXFileReference; name = "CDVUIInAppBrowser.m"; path = "cordova-plugin-inappbrowser/CDVUIInAppBrowser.m"; sourceTree = "<group>"; fileEncoding = 4; lastKnownFileType = sourcecode.c.objc; explicitFileType = undefined; includeInIndex = 0; };
		7CC47C6AD1014F84BE94FCE7 /* CDVWKInAppBrowser.m */ = {isa = PBXFileReference; name = "CDVWKInAppBrowser.m"; path = "cordova-plugin-inappbrowser/CDVWKInAppBrowser.m"; sourceTree = "<group>"; fileEncoding = 4; lastKnownFileType = sourcecode.c.objc; explicitFileType = undefined; includeInIndex = 0; };
		85D67AB7FE0346EDA8D3D0A5 /* CDVWKInAppBrowserUIDelegate.m */ = {isa = PBXFileReference; name = "CDVWKInAppBrowserUIDelegate.m"; path = "cordova-plugin-inappbrowser/CDVWKInAppBrowserUIDelegate.m"; sourceTree = "<group>"; fileEncoding = 4; lastKnownFileType = sourcecode.c.objc; explicitFileType = undefined; includeInIndex = 0; };
		4FA16121C98C4F32827385DA /* CDVInAppBrowser.h */ = {isa = PBXFileReference; name = "CDVInAppBrowser.h"; path = "cordova-plugin-inappbrowser/CDVInAppBrowser.h"; sourceTree = "<group>"; fileEncoding = 4; lastKnownFileType = sourcecode.c.h; explicitFileType = undefined; includeInIndex = 0; };
		08F5BF66C0024EEA8C670976 /* CDVInAppBrowserOptions.h */ = {isa = PBXFileReference; name = "CDVInAppBrowserOptions.h"; path = "cordova-plugin-inappbrowser/CDVInAppBrowserOptions.h"; sourceTree = "<group>"; fileEncoding = 4; lastKnownFileType = sourcecode.c.h; explicitFileType = undefined; includeInIndex = 0; };
		7BA4FE78FB3D41369C40A7CE /* CDVInAppBrowserNavigationController.h */ = {isa = PBXFileReference; name = "CDVInAppBrowserNavigationController.h"; path = "cordova-plugin-inappbrowser/CDVInAppBrowserNavigationController.h"; sourceTree = "<group>"; fileEncoding = 4; lastKnownFileType = sourcecode.c.h; explicitFileType = undefined; includeInIndex = 0; };
		FD05464D648C4338B4ABCB6E /* CDVUIInAppBrowser.h */ = {isa = PBXFileReference; name = "CDVUIInAppBrowser.h"; path = "cordova-plugin-inappbrowser/CDVUIInAppBrowser.h"; sourceTree = "<group>"; fileEncoding = 4; lastKnownFileType = sourcecode.c.h; explicitFileType = undefined; includeInIndex = 0; };
		22D18FF04FDB445A96640735 /* CDVWKInAppBrowser.h */ = {isa = PBXFileReference; name = "CDVWKInAppBrowser.h"; path = "cordova-plugin-inappbrowser/CDVWKInAppBrowser.h"; sourceTree = "<group>"; fileEncoding = 4; lastKnownFileType = sourcecode.c.h; explicitFileType = undefined; includeInIndex = 0; };
		3181C625BCB64A8BAC605815 /* CDVWKInAppBrowserUIDelegate.h */ = {isa = PBXFileReference; name = "CDVWKInAppBrowserUIDelegate.h"; path = "cordova-plugin-inappbrowser/CDVWKInAppBrowserUIDelegate.h"; sourceTree = "<group>"; fileEncoding = 4; lastKnownFileType = sourcecode.c.h; explicitFileType = undefined; includeInIndex = 0; };
		AAEAA48DD83549B3B78DD13F /* CDVSplashScreen.m */ = {isa = PBXFileReference; name = "CDVSplashScreen.m"; path = "cordova-plugin-splashscreen/CDVSplashScreen.m"; sourceTree = "<group>"; fileEncoding = 4; lastKnownFileType = sourcecode.c.objc; explicitFileType = undefined; includeInIndex = 0; };
		9D2A416524EE4DE787AD4BE6 /* CDVViewController+SplashScreen.m */ = {isa = PBXFileReference; name = "CDVViewController+SplashScreen.m"; path = "cordova-plugin-splashscreen/CDVViewController+SplashScreen.m"; sourceTree = "<group>"; fileEncoding = 4; lastKnownFileType = sourcecode.c.objc; explicitFileType = undefined; includeInIndex = 0; };
		CCBFACBE9CC24FF0B4BEABD2 /* CDVSplashScreen.h */ = {isa = PBXFileReference; name = "CDVSplashScreen.h"; path = "cordova-plugin-splashscreen/CDVSplashScreen.h"; sourceTree = "<group>"; fileEncoding = 4; lastKnownFileType = sourcecode.c.h; explicitFileType = undefined; includeInIndex = 0; };
		73BEE50F77DD43DBA78EAE07 /* CDVViewController+SplashScreen.h */ = {isa = PBXFileReference; name = "CDVViewController+SplashScreen.h"; path = "cordova-plugin-splashscreen/CDVViewController+SplashScreen.h"; sourceTree = "<group>"; fileEncoding = 4; lastKnownFileType = sourcecode.c.h; explicitFileType = undefined; includeInIndex = 0; };
		BC3D587AFCFC44BE918351E8 /* CDVStatusBar.m */ = {isa = PBXFileReference; name = "CDVStatusBar.m"; path = "cordova-plugin-statusbar/CDVStatusBar.m"; sourceTree = "<group>"; fileEncoding = 4; lastKnownFileType = sourcecode.c.objc; explicitFileType = undefined; includeInIndex = 0; };
		2ADE92BEC528495EABEE7E56 /* CDVStatusBar.h */ = {isa = PBXFileReference; name = "CDVStatusBar.h"; path = "cordova-plugin-statusbar/CDVStatusBar.h"; sourceTree = "<group>"; fileEncoding = 4; lastKnownFileType = sourcecode.c.h; explicitFileType = undefined; includeInIndex = 0; };
		025D6D89C1FD49E8A6E982EE /* CDVNotification.m */ = {isa = PBXFileReference; name = "CDVNotification.m"; path = "cordova-plugin-dialogs/CDVNotification.m"; sourceTree = "<group>"; fileEncoding = 4; lastKnownFileType = sourcecode.c.objc; explicitFileType = undefined; includeInIndex = 0; };
		77577936DECE4301B8E8692B /* CDVNotification.h */ = {isa = PBXFileReference; name = "CDVNotification.h"; path = "cordova-plugin-dialogs/CDVNotification.h"; sourceTree = "<group>"; fileEncoding = 4; lastKnownFileType = sourcecode.c.h; explicitFileType = undefined; includeInIndex = 0; };
		825DB83E6CE94D99A8911842 /* CDVNotification.bundle */ = {isa = PBXFileReference; name = "CDVNotification.bundle"; path = "CDVNotification.bundle"; sourceTree = "<group>"; fileEncoding = undefined; lastKnownFileType = wrapper.plug-in; explicitFileType = undefined; includeInIndex = 0; };
		07D3D400BFEF497D964CFE14 /* AudioToolbox.framework */ = {isa = PBXFileReference; name = "AudioToolbox.framework"; path = "System/Library/Frameworks/AudioToolbox.framework"; sourceTree = SDKROOT; fileEncoding = undefined; lastKnownFileType = wrapper.framework; explicitFileType = undefined; includeInIndex = 0; };
		70AB5DC775A74F66AD312FEF /* CodePush.m */ = {isa = PBXFileReference; name = "CodePush.m"; path = "cordova-plugin-code-push/CodePush.m"; sourceTree = "<group>"; fileEncoding = 4; lastKnownFileType = sourcecode.c.objc; explicitFileType = undefined; includeInIndex = 0; };
		FA33505B4EAB4B0BBFC24F1F /* CodePushPackageMetadata.m */ = {isa = PBXFileReference; name = "CodePushPackageMetadata.m"; path = "cordova-plugin-code-push/CodePushPackageMetadata.m"; sourceTree = "<group>"; fileEncoding = 4; lastKnownFileType = sourcecode.c.objc; explicitFileType = undefined; includeInIndex = 0; };
		3541011E22884E8DBD6C875F /* CodePushPackageManager.m */ = {isa = PBXFileReference; name = "CodePushPackageManager.m"; path = "cordova-plugin-code-push/CodePushPackageManager.m"; sourceTree = "<group>"; fileEncoding = 4; lastKnownFileType = sourcecode.c.objc; explicitFileType = undefined; includeInIndex = 0; };
		B185EE6219A44EA3BD1362B1 /* CodePushReportingManager.m */ = {isa = PBXFileReference; name = "CodePushReportingManager.m"; path = "cordova-plugin-code-push/CodePushReportingManager.m"; sourceTree = "<group>"; fileEncoding = 4; lastKnownFileType = sourcecode.c.objc; explicitFileType = undefined; includeInIndex = 0; };
		4EE5D13955294688B30337AE /* InstallOptions.m */ = {isa = PBXFileReference; name = "InstallOptions.m"; path = "cordova-plugin-code-push/InstallOptions.m"; sourceTree = "<group>"; fileEncoding = 4; lastKnownFileType = sourcecode.c.objc; explicitFileType = undefined; includeInIndex = 0; };
		3524CD138657495380F6C439 /* StatusReport.m */ = {isa = PBXFileReference; name = "StatusReport.m"; path = "cordova-plugin-code-push/StatusReport.m"; sourceTree = "<group>"; fileEncoding = 4; lastKnownFileType = sourcecode.c.objc; explicitFileType = undefined; includeInIndex = 0; };
		2122CF0C3AA7468882BF713B /* UpdateHashUtils.m */ = {isa = PBXFileReference; name = "UpdateHashUtils.m"; path = "cordova-plugin-code-push/UpdateHashUtils.m"; sourceTree = "<group>"; fileEncoding = 4; lastKnownFileType = sourcecode.c.objc; explicitFileType = undefined; includeInIndex = 0; };
		083D8567B09E47CA963A69AF /* Utilities.m */ = {isa = PBXFileReference; name = "Utilities.m"; path = "cordova-plugin-code-push/Utilities.m"; sourceTree = "<group>"; fileEncoding = 4; lastKnownFileType = sourcecode.c.objc; explicitFileType = undefined; includeInIndex = 0; };
		24E382FA0E754218ABDF848C /* CDVWKWebViewEngine+CodePush.m */ = {isa = PBXFileReference; name = "CDVWKWebViewEngine+CodePush.m"; path = "cordova-plugin-code-push/CDVWKWebViewEngine+CodePush.m"; sourceTree = "<group>"; fileEncoding = 4; lastKnownFileType = sourcecode.c.objc; explicitFileType = undefined; includeInIndex = 0; };
		A418A12E98C04FC095EF3453 /* CodePushJWTAlgorithmFactory.m */ = {isa = PBXFileReference; name = "CodePushJWTAlgorithmFactory.m"; path = "cordova-plugin-code-push/CodePushJWTAlgorithmFactory.m"; sourceTree = "<group>"; fileEncoding = 4; lastKnownFileType = sourcecode.c.objc; explicitFileType = undefined; includeInIndex = 0; };
		48D6118CCA0941F3861EE2F3 /* CodePushJWTAlgorithmNone.m */ = {isa = PBXFileReference; name = "CodePushJWTAlgorithmNone.m"; path = "cordova-plugin-code-push/CodePushJWTAlgorithmNone.m"; sourceTree = "<group>"; fileEncoding = 4; lastKnownFileType = sourcecode.c.objc; explicitFileType = undefined; includeInIndex = 0; };
		4F50E23F71114954A97CE6FC /* CodePushJWTAlgorithmESBase.m */ = {isa = PBXFileReference; name = "CodePushJWTAlgorithmESBase.m"; path = "cordova-plugin-code-push/CodePushJWTAlgorithmESBase.m"; sourceTree = "<group>"; fileEncoding = 4; lastKnownFileType = sourcecode.c.objc; explicitFileType = undefined; includeInIndex = 0; };
		AEE1A128693240B4AC0FA997 /* CodePushJWTAlgorithmDataHolder.m */ = {isa = PBXFileReference; name = "CodePushJWTAlgorithmDataHolder.m"; path = "cordova-plugin-code-push/CodePushJWTAlgorithmDataHolder.m"; sourceTree = "<group>"; fileEncoding = 4; lastKnownFileType = sourcecode.c.objc; explicitFileType = undefined; includeInIndex = 0; };
		EB887111E58F414DA27B851E /* CodePushJWTAlgorithmDataHolderChain.m */ = {isa = PBXFileReference; name = "CodePushJWTAlgorithmDataHolderChain.m"; path = "cordova-plugin-code-push/CodePushJWTAlgorithmDataHolderChain.m"; sourceTree = "<group>"; fileEncoding = 4; lastKnownFileType = sourcecode.c.objc; explicitFileType = undefined; includeInIndex = 0; };
		5F79C7E2FFDE4BEA9CB7286D /* CodePushJWTAlgorithmHSBase.m */ = {isa = PBXFileReference; name = "CodePushJWTAlgorithmHSBase.m"; path = "cordova-plugin-code-push/CodePushJWTAlgorithmHSBase.m"; sourceTree = "<group>"; fileEncoding = 4; lastKnownFileType = sourcecode.c.objc; explicitFileType = undefined; includeInIndex = 0; };
		FD85DA1AF629462FB49374B4 /* CodePushJWTAlgorithmRSBase.m */ = {isa = PBXFileReference; name = "CodePushJWTAlgorithmRSBase.m"; path = "cordova-plugin-code-push/CodePushJWTAlgorithmRSBase.m"; sourceTree = "<group>"; fileEncoding = 4; lastKnownFileType = sourcecode.c.objc; explicitFileType = undefined; includeInIndex = 0; };
		4547C07DE976468B8AE06851 /* CodePushJWTCryptoKey.m */ = {isa = PBXFileReference; name = "CodePushJWTCryptoKey.m"; path = "cordova-plugin-code-push/CodePushJWTCryptoKey.m"; sourceTree = "<group>"; fileEncoding = 4; lastKnownFileType = sourcecode.c.objc; explicitFileType = undefined; includeInIndex = 0; };
		355B3ACB83704BF5820B10B7 /* CodePushJWTCryptoKeyExtractor.m */ = {isa = PBXFileReference; name = "CodePushJWTCryptoKeyExtractor.m"; path = "cordova-plugin-code-push/CodePushJWTCryptoKeyExtractor.m"; sourceTree = "<group>"; fileEncoding = 4; lastKnownFileType = sourcecode.c.objc; explicitFileType = undefined; includeInIndex = 0; };
		25CA1460080E4EB1927A7BBF /* CodePushJWTCryptoSecurity.m */ = {isa = PBXFileReference; name = "CodePushJWTCryptoSecurity.m"; path = "cordova-plugin-code-push/CodePushJWTCryptoSecurity.m"; sourceTree = "<group>"; fileEncoding = 4; lastKnownFileType = sourcecode.c.objc; explicitFileType = undefined; includeInIndex = 0; };
		38E78537429B454C852EF190 /* CodePushJWTClaim.m */ = {isa = PBXFileReference; name = "CodePushJWTClaim.m"; path = "cordova-plugin-code-push/CodePushJWTClaim.m"; sourceTree = "<group>"; fileEncoding = 4; lastKnownFileType = sourcecode.c.objc; explicitFileType = undefined; includeInIndex = 0; };
		307211CB14704A01BDE95599 /* CodePushJWTClaimsSet.m */ = {isa = PBXFileReference; name = "CodePushJWTClaimsSet.m"; path = "cordova-plugin-code-push/CodePushJWTClaimsSet.m"; sourceTree = "<group>"; fileEncoding = 4; lastKnownFileType = sourcecode.c.objc; explicitFileType = undefined; includeInIndex = 0; };
		5469B7F578824B999F286723 /* CodePushJWTClaimsSetSerializer.m */ = {isa = PBXFileReference; name = "CodePushJWTClaimsSetSerializer.m"; path = "cordova-plugin-code-push/CodePushJWTClaimsSetSerializer.m"; sourceTree = "<group>"; fileEncoding = 4; lastKnownFileType = sourcecode.c.objc; explicitFileType = undefined; includeInIndex = 0; };
		3B8D6BEC68EF4291B37F6FFE /* CodePushJWTClaimsSetVerifier.m */ = {isa = PBXFileReference; name = "CodePushJWTClaimsSetVerifier.m"; path = "cordova-plugin-code-push/CodePushJWTClaimsSetVerifier.m"; sourceTree = "<group>"; fileEncoding = 4; lastKnownFileType = sourcecode.c.objc; explicitFileType = undefined; includeInIndex = 0; };
		BE73188B10414E0888FC5999 /* CodePushJWTCoding+ResultTypes.m */ = {isa = PBXFileReference; name = "CodePushJWTCoding+ResultTypes.m"; path = "cordova-plugin-code-push/CodePushJWTCoding+ResultTypes.m"; sourceTree = "<group>"; fileEncoding = 4; lastKnownFileType = sourcecode.c.objc; explicitFileType = undefined; includeInIndex = 0; };
		011F3DFB27D9440DA6736752 /* CodePushJWTCoding+VersionOne.m */ = {isa = PBXFileReference; name = "CodePushJWTCoding+VersionOne.m"; path = "cordova-plugin-code-push/CodePushJWTCoding+VersionOne.m"; sourceTree = "<group>"; fileEncoding = 4; lastKnownFileType = sourcecode.c.objc; explicitFileType = undefined; includeInIndex = 0; };
		E0F61B1537244952AB1B66CF /* CodePushJWTCoding+VersionThree.m */ = {isa = PBXFileReference; name = "CodePushJWTCoding+VersionThree.m"; path = "cordova-plugin-code-push/CodePushJWTCoding+VersionThree.m"; sourceTree = "<group>"; fileEncoding = 4; lastKnownFileType = sourcecode.c.objc; explicitFileType = undefined; includeInIndex = 0; };
		FFB30141CFBA410296034B2D /* CodePushJWTCoding+VersionTwo.m */ = {isa = PBXFileReference; name = "CodePushJWTCoding+VersionTwo.m"; path = "cordova-plugin-code-push/CodePushJWTCoding+VersionTwo.m"; sourceTree = "<group>"; fileEncoding = 4; lastKnownFileType = sourcecode.c.objc; explicitFileType = undefined; includeInIndex = 0; };
		7747D871DF7B46F98A4F27A2 /* CodePushJWTCoding.m */ = {isa = PBXFileReference; name = "CodePushJWTCoding.m"; path = "cordova-plugin-code-push/CodePushJWTCoding.m"; sourceTree = "<group>"; fileEncoding = 4; lastKnownFileType = sourcecode.c.objc; explicitFileType = undefined; includeInIndex = 0; };
		D65862212C8F48DCB7E8D65F /* CodePushJWTBase64Coder.m */ = {isa = PBXFileReference; name = "CodePushJWTBase64Coder.m"; path = "cordova-plugin-code-push/CodePushJWTBase64Coder.m"; sourceTree = "<group>"; fileEncoding = 4; lastKnownFileType = sourcecode.c.objc; explicitFileType = undefined; includeInIndex = 0; };
		6A421ABE25F74DF683C40655 /* CodePushJWTErrorDescription.m */ = {isa = PBXFileReference; name = "CodePushJWTErrorDescription.m"; path = "cordova-plugin-code-push/CodePushJWTErrorDescription.m"; sourceTree = "<group>"; fileEncoding = 4; lastKnownFileType = sourcecode.c.objc; explicitFileType = undefined; includeInIndex = 0; };
		4470AA66682C4B1AB0149423 /* CodePushMF_Base64Additions.m */ = {isa = PBXFileReference; name = "CodePushMF_Base64Additions.m"; path = "cordova-plugin-code-push/CodePushMF_Base64Additions.m"; sourceTree = "<group>"; fileEncoding = 4; lastKnownFileType = sourcecode.c.objc; explicitFileType = undefined; includeInIndex = 0; };
		CBC2EA057486456FAFC971FD /* CodePush.h */ = {isa = PBXFileReference; name = "CodePush.h"; path = "cordova-plugin-code-push/CodePush.h"; sourceTree = "<group>"; fileEncoding = 4; lastKnownFileType = sourcecode.c.h; explicitFileType = undefined; includeInIndex = 0; };
		2706E169AE5C4F1E87A9302F /* CodePushPackageMetadata.h */ = {isa = PBXFileReference; name = "CodePushPackageMetadata.h"; path = "cordova-plugin-code-push/CodePushPackageMetadata.h"; sourceTree = "<group>"; fileEncoding = 4; lastKnownFileType = sourcecode.c.h; explicitFileType = undefined; includeInIndex = 0; };
		34E6F7298FD045EFBFCFB2F4 /* CodePushPackageManager.h */ = {isa = PBXFileReference; name = "CodePushPackageManager.h"; path = "cordova-plugin-code-push/CodePushPackageManager.h"; sourceTree = "<group>"; fileEncoding = 4; lastKnownFileType = sourcecode.c.h; explicitFileType = undefined; includeInIndex = 0; };
		14709449C5874BBC9D3D5D27 /* CodePushReportingManager.h */ = {isa = PBXFileReference; name = "CodePushReportingManager.h"; path = "cordova-plugin-code-push/CodePushReportingManager.h"; sourceTree = "<group>"; fileEncoding = 4; lastKnownFileType = sourcecode.c.h; explicitFileType = undefined; includeInIndex = 0; };
		1DFAA4196C774A3DBC2C3F6D /* InstallOptions.h */ = {isa = PBXFileReference; name = "InstallOptions.h"; path = "cordova-plugin-code-push/InstallOptions.h"; sourceTree = "<group>"; fileEncoding = 4; lastKnownFileType = sourcecode.c.h; explicitFileType = undefined; includeInIndex = 0; };
		2312A167DD9245628D0821B5 /* InstallMode.h */ = {isa = PBXFileReference; name = "InstallMode.h"; path = "cordova-plugin-code-push/InstallMode.h"; sourceTree = "<group>"; fileEncoding = 4; lastKnownFileType = sourcecode.c.h; explicitFileType = undefined; includeInIndex = 0; };
		41B668904E814608AC3185C5 /* StatusReport.h */ = {isa = PBXFileReference; name = "StatusReport.h"; path = "cordova-plugin-code-push/StatusReport.h"; sourceTree = "<group>"; fileEncoding = 4; lastKnownFileType = sourcecode.c.h; explicitFileType = undefined; includeInIndex = 0; };
		7D370AABE75A4CBCBFC3381A /* UpdateHashUtils.h */ = {isa = PBXFileReference; name = "UpdateHashUtils.h"; path = "cordova-plugin-code-push/UpdateHashUtils.h"; sourceTree = "<group>"; fileEncoding = 4; lastKnownFileType = sourcecode.c.h; explicitFileType = undefined; includeInIndex = 0; };
		0A239323536442A6B79E07B3 /* Utilities.h */ = {isa = PBXFileReference; name = "Utilities.h"; path = "cordova-plugin-code-push/Utilities.h"; sourceTree = "<group>"; fileEncoding = 4; lastKnownFileType = sourcecode.c.h; explicitFileType = undefined; includeInIndex = 0; };
		6A1136343F604716A6B5CEE4 /* CodePushJWTAlgorithm.h */ = {isa = PBXFileReference; name = "CodePushJWTAlgorithm.h"; path = "cordova-plugin-code-push/CodePushJWTAlgorithm.h"; sourceTree = "<group>"; fileEncoding = 4; lastKnownFileType = sourcecode.c.h; explicitFileType = undefined; includeInIndex = 0; };
		9BF9618740A549A78320A1F5 /* CodePushJWTAlgorithmFactory.h */ = {isa = PBXFileReference; name = "CodePushJWTAlgorithmFactory.h"; path = "cordova-plugin-code-push/CodePushJWTAlgorithmFactory.h"; sourceTree = "<group>"; fileEncoding = 4; lastKnownFileType = sourcecode.c.h; explicitFileType = undefined; includeInIndex = 0; };
		463D28CBA6324DDEB74193CF /* CodePushJWTAlgorithmNone.h */ = {isa = PBXFileReference; name = "CodePushJWTAlgorithmNone.h"; path = "cordova-plugin-code-push/CodePushJWTAlgorithmNone.h"; sourceTree = "<group>"; fileEncoding = 4; lastKnownFileType = sourcecode.c.h; explicitFileType = undefined; includeInIndex = 0; };
		21E7809A6A964B40A0D6F1DB /* CodePushJWTAlgorithmESBase.h */ = {isa = PBXFileReference; name = "CodePushJWTAlgorithmESBase.h"; path = "cordova-plugin-code-push/CodePushJWTAlgorithmESBase.h"; sourceTree = "<group>"; fileEncoding = 4; lastKnownFileType = sourcecode.c.h; explicitFileType = undefined; includeInIndex = 0; };
		CA8A79D5B5C94E18A6FA56CD /* CodePushJWTAlgorithmDataHolder.h */ = {isa = PBXFileReference; name = "CodePushJWTAlgorithmDataHolder.h"; path = "cordova-plugin-code-push/CodePushJWTAlgorithmDataHolder.h"; sourceTree = "<group>"; fileEncoding = 4; lastKnownFileType = sourcecode.c.h; explicitFileType = undefined; includeInIndex = 0; };
		D3525A7EFFDD4AC1B65F002F /* CodePushJWTAlgorithmDataHolderChain.h */ = {isa = PBXFileReference; name = "CodePushJWTAlgorithmDataHolderChain.h"; path = "cordova-plugin-code-push/CodePushJWTAlgorithmDataHolderChain.h"; sourceTree = "<group>"; fileEncoding = 4; lastKnownFileType = sourcecode.c.h; explicitFileType = undefined; includeInIndex = 0; };
		574E1134074D406C87472DFE /* CodePushJWTAlgorithmHSBase.h */ = {isa = PBXFileReference; name = "CodePushJWTAlgorithmHSBase.h"; path = "cordova-plugin-code-push/CodePushJWTAlgorithmHSBase.h"; sourceTree = "<group>"; fileEncoding = 4; lastKnownFileType = sourcecode.c.h; explicitFileType = undefined; includeInIndex = 0; };
		3A8AAE994C7140D6AB7357E1 /* CodePushJWTAlgorithmRSBase.h */ = {isa = PBXFileReference; name = "CodePushJWTAlgorithmRSBase.h"; path = "cordova-plugin-code-push/CodePushJWTAlgorithmRSBase.h"; sourceTree = "<group>"; fileEncoding = 4; lastKnownFileType = sourcecode.c.h; explicitFileType = undefined; includeInIndex = 0; };
		529A05631F584005B25BC9D6 /* CodePushJWTRSAlgorithm.h */ = {isa = PBXFileReference; name = "CodePushJWTRSAlgorithm.h"; path = "cordova-plugin-code-push/CodePushJWTRSAlgorithm.h"; sourceTree = "<group>"; fileEncoding = 4; lastKnownFileType = sourcecode.c.h; explicitFileType = undefined; includeInIndex = 0; };
		7E2952F694EB4068AFDCA1CF /* CodePushJWTCryptoKey.h */ = {isa = PBXFileReference; name = "CodePushJWTCryptoKey.h"; path = "cordova-plugin-code-push/CodePushJWTCryptoKey.h"; sourceTree = "<group>"; fileEncoding = 4; lastKnownFileType = sourcecode.c.h; explicitFileType = undefined; includeInIndex = 0; };
		71964789EB8F4CE4AE100CAF /* CodePushJWTCryptoKeyExtractor.h */ = {isa = PBXFileReference; name = "CodePushJWTCryptoKeyExtractor.h"; path = "cordova-plugin-code-push/CodePushJWTCryptoKeyExtractor.h"; sourceTree = "<group>"; fileEncoding = 4; lastKnownFileType = sourcecode.c.h; explicitFileType = undefined; includeInIndex = 0; };
		600DF3B67BE141848CAADFCB /* CodePushJWTCryptoSecurity.h */ = {isa = PBXFileReference; name = "CodePushJWTCryptoSecurity.h"; path = "cordova-plugin-code-push/CodePushJWTCryptoSecurity.h"; sourceTree = "<group>"; fileEncoding = 4; lastKnownFileType = sourcecode.c.h; explicitFileType = undefined; includeInIndex = 0; };
		3BB4F7EE982B424DADAFC513 /* CodePushJWTClaim.h */ = {isa = PBXFileReference; name = "CodePushJWTClaim.h"; path = "cordova-plugin-code-push/CodePushJWTClaim.h"; sourceTree = "<group>"; fileEncoding = 4; lastKnownFileType = sourcecode.c.h; explicitFileType = undefined; includeInIndex = 0; };
		6727CA18F18F47718D301DCA /* CodePushJWTClaimsSet.h */ = {isa = PBXFileReference; name = "CodePushJWTClaimsSet.h"; path = "cordova-plugin-code-push/CodePushJWTClaimsSet.h"; sourceTree = "<group>"; fileEncoding = 4; lastKnownFileType = sourcecode.c.h; explicitFileType = undefined; includeInIndex = 0; };
		94F8ABE98C2F4E9AA87F415F /* CodePushJWTClaimsSetSerializer.h */ = {isa = PBXFileReference; name = "CodePushJWTClaimsSetSerializer.h"; path = "cordova-plugin-code-push/CodePushJWTClaimsSetSerializer.h"; sourceTree = "<group>"; fileEncoding = 4; lastKnownFileType = sourcecode.c.h; explicitFileType = undefined; includeInIndex = 0; };
		ECCB6B89FA6041E4816E5E1C /* CodePushJWTClaimsSetVerifier.h */ = {isa = PBXFileReference; name = "CodePushJWTClaimsSetVerifier.h"; path = "cordova-plugin-code-push/CodePushJWTClaimsSetVerifier.h"; sourceTree = "<group>"; fileEncoding = 4; lastKnownFileType = sourcecode.c.h; explicitFileType = undefined; includeInIndex = 0; };
		BAF79F45767F4A0682DC37D3 /* CodePushJWTCoding+ResultTypes.h */ = {isa = PBXFileReference; name = "CodePushJWTCoding+ResultTypes.h"; path = "cordova-plugin-code-push/CodePushJWTCoding+ResultTypes.h"; sourceTree = "<group>"; fileEncoding = 4; lastKnownFileType = sourcecode.c.h; explicitFileType = undefined; includeInIndex = 0; };
		B158EF11399240CEA655AFA6 /* CodePushJWTCoding+VersionOne.h */ = {isa = PBXFileReference; name = "CodePushJWTCoding+VersionOne.h"; path = "cordova-plugin-code-push/CodePushJWTCoding+VersionOne.h"; sourceTree = "<group>"; fileEncoding = 4; lastKnownFileType = sourcecode.c.h; explicitFileType = undefined; includeInIndex = 0; };
		D71CC3F2B6EC401C9C1B4904 /* CodePushJWTCoding+VersionThree.h */ = {isa = PBXFileReference; name = "CodePushJWTCoding+VersionThree.h"; path = "cordova-plugin-code-push/CodePushJWTCoding+VersionThree.h"; sourceTree = "<group>"; fileEncoding = 4; lastKnownFileType = sourcecode.c.h; explicitFileType = undefined; includeInIndex = 0; };
		F648352C84DD46758F48FEA8 /* CodePushJWTCoding+VersionTwo.h */ = {isa = PBXFileReference; name = "CodePushJWTCoding+VersionTwo.h"; path = "cordova-plugin-code-push/CodePushJWTCoding+VersionTwo.h"; sourceTree = "<group>"; fileEncoding = 4; lastKnownFileType = sourcecode.c.h; explicitFileType = undefined; includeInIndex = 0; };
		674A24BE9EFF44DC9A5C9947 /* CodePushJWTCoding.h */ = {isa = PBXFileReference; name = "CodePushJWTCoding.h"; path = "cordova-plugin-code-push/CodePushJWTCoding.h"; sourceTree = "<group>"; fileEncoding = 4; lastKnownFileType = sourcecode.c.h; explicitFileType = undefined; includeInIndex = 0; };
		5048FDE3A3124B5B8B749C1B /* CodePushJWT.h */ = {isa = PBXFileReference; name = "CodePushJWT.h"; path = "cordova-plugin-code-push/CodePushJWT.h"; sourceTree = "<group>"; fileEncoding = 4; lastKnownFileType = sourcecode.c.h; explicitFileType = undefined; includeInIndex = 0; };
		15EFE09B32114EDCA3A71535 /* CodePushJWTBase64Coder.h */ = {isa = PBXFileReference; name = "CodePushJWTBase64Coder.h"; path = "cordova-plugin-code-push/CodePushJWTBase64Coder.h"; sourceTree = "<group>"; fileEncoding = 4; lastKnownFileType = sourcecode.c.h; explicitFileType = undefined; includeInIndex = 0; };
		22D1601D87334D359DF0481D /* CodePushJWTDeprecations.h */ = {isa = PBXFileReference; name = "CodePushJWTDeprecations.h"; path = "cordova-plugin-code-push/CodePushJWTDeprecations.h"; sourceTree = "<group>"; fileEncoding = 4; lastKnownFileType = sourcecode.c.h; explicitFileType = undefined; includeInIndex = 0; };
		5A31579D4BA647D7873D5958 /* CodePushJWTErrorDescription.h */ = {isa = PBXFileReference; name = "CodePushJWTErrorDescription.h"; path = "cordova-plugin-code-push/CodePushJWTErrorDescription.h"; sourceTree = "<group>"; fileEncoding = 4; lastKnownFileType = sourcecode.c.h; explicitFileType = undefined; includeInIndex = 0; };
		6425B96EC2A04AFFAF48F2F4 /* CodePushMF_Base64Additions.h */ = {isa = PBXFileReference; name = "CodePushMF_Base64Additions.h"; path = "cordova-plugin-code-push/CodePushMF_Base64Additions.h"; sourceTree = "<group>"; fileEncoding = 4; lastKnownFileType = sourcecode.c.h; explicitFileType = undefined; includeInIndex = 0; };
/* End PBXFileReference section */

/* Begin PBXFrameworksBuildPhase section */
		1D60588F0D05DD3D006BFB54 /* Frameworks */ = {
			isa = PBXFrameworksBuildPhase;
			buildActionMask = 2147483647;
			files = (
				301BF552109A68D80062928A /* libCordova.a in Frameworks */,
				96B7C77DE32A4E609E31CBB9 /* AudioToolbox.framework in Frameworks */,
			);
			runOnlyForDeploymentPostprocessing = 0;
		};
/* End PBXFrameworksBuildPhase section */

/* Begin PBXGroup section */
		080E96DDFE201D6D7F000001 /* Classes */ = {
			isa = PBXGroup;
			children = (
				302D95EE14D2391D003F00A1 /* MainViewController.h */,
				302D95EF14D2391D003F00A1 /* MainViewController.m */,
				302D95F014D2391D003F00A1 /* MainViewController.xib */,
				1D3623240D0F684500981E51 /* AppDelegate.h */,
				1D3623250D0F684500981E51 /* AppDelegate.m */,
			);
			name = Classes;
			path = "CBD Events/Classes";
			sourceTree = SOURCE_ROOT;
		};
		19C28FACFE9D520D11CA2CBB /* Products */ = {
			isa = PBXGroup;
			children = (
				1D6058910D05DD3D006BFB54 /* CBD Events.app */,
			);
			name = Products;
			sourceTree = "<group>";
		};
		29B97314FDCFA39411CA2CEA /* CustomTemplate */ = {
			isa = PBXGroup;
			children = (
				EB87FDF41871DAF40020F90C /* config.xml */,
				EB87FDF31871DA8E0020F90C /* www */,
				EB87FDF11871DA420020F90C /* Staging */,
				301BF52D109A57CC0062928A /* CordovaLib.xcodeproj */,
				080E96DDFE201D6D7F000001 /* Classes */,
				307C750510C5A3420062BCA9 /* Plugins */,
				29B97315FDCFA39411CA2CEA /* Other Sources */,
				29B97317FDCFA39411CA2CEA /* Resources */,
				29B97323FDCFA39411CA2CEA /* Frameworks */,
				19C28FACFE9D520D11CA2CBB /* Products */,
			);
			name = CustomTemplate;
			sourceTree = "<group>";
		};
		29B97315FDCFA39411CA2CEA /* Other Sources */ = {
			isa = PBXGroup;
			children = (
				32CA4F630368D1EE00C91783 /* CBD Events-Prefix.pch */,
				29B97316FDCFA39411CA2CEA /* main.m */,
				ED33DF2A687741AEAF9F8254 /* Bridging-Header.h */,
			);
			name = "Other Sources";
			path = "CBD Events";
			sourceTree = "<group>";
		};
		29B97317FDCFA39411CA2CEA /* Resources */ = {
			isa = PBXGroup;
			children = (
				0207DA571B56EA530066E2B4 /* Images.xcassets */,
				3047A50E1AB8057F00498E2A /* config */,
				8D1107310486CEB800E47090 /* CBD Events-Info.plist */,
				6AFF5BF81D6E424B00AB3073 /* CDVLaunchScreen.storyboard */,
				825DB83E6CE94D99A8911842 /* CDVNotification.bundle */,
			);
			name = Resources;
			path = "CBD Events/Resources";
			sourceTree = "<group>";
		};
		29B97323FDCFA39411CA2CEA /* Frameworks */ = {
			isa = PBXGroup;
			children = (
				07D3D400BFEF497D964CFE14 /* AudioToolbox.framework */,
			);
			name = Frameworks;
			sourceTree = "<group>";
		};
		301BF52E109A57CC0062928A /* Products */ = {
			isa = PBXGroup;
			children = (
				301BF535109A57CC0062928A /* libCordova.a */,
				907D8124214C687600058A10 /* Cordova.framework */,
			);
			name = Products;
			sourceTree = "<group>";
		};
		3047A50E1AB8057F00498E2A /* config */ = {
			isa = PBXGroup;
			children = (
				3047A50F1AB8059700498E2A /* build-debug.xcconfig */,
				3047A5101AB8059700498E2A /* build-release.xcconfig */,
				3047A5111AB8059700498E2A /* build.xcconfig */,
			);
			name = config;
			sourceTree = "<group>";
		};
		307C750510C5A3420062BCA9 /* Plugins */ = {
			isa = PBXGroup;
			children = (
				2541EC29EEF3499FB086E239 /* CDVDevice.m */,
				F4E6E2EE9543477091923892 /* CDVDevice.h */,
				2ADEC1ECCFE2469194CAED21 /* CDVFile.m */,
				FA27CC79FD464E6AAFB5B237 /* CDVLocalFilesystem.m */,
				9A95412E113E444AA013CF5F /* CDVAssetLibraryFilesystem.m */,
				BCC8858C25294B00871C86B4 /* CDVFile.h */,
				9E266DC00F1142749B24C91A /* CDVLocalFilesystem.h */,
				2E2B664A940048079A0EBC1A /* CDVAssetLibraryFilesystem.h */,
				3A483E510B204EC9A1F32FEB /* FileOpener2.m */,
				5F0AA539FBA64FFEBE87ECDA /* FileOpener2.h */,
				0B6413C5D8404AA19732E6B4 /* CDVInAppBrowser.m */,
				A6167F5CE6BA4BFA82ED4C0B /* CDVInAppBrowserOptions.m */,
				06436EA183374DB5A5F408A8 /* CDVInAppBrowserNavigationController.m */,
				783420A1343F40C5971C3560 /* CDVUIInAppBrowser.m */,
				7CC47C6AD1014F84BE94FCE7 /* CDVWKInAppBrowser.m */,
				85D67AB7FE0346EDA8D3D0A5 /* CDVWKInAppBrowserUIDelegate.m */,
				4FA16121C98C4F32827385DA /* CDVInAppBrowser.h */,
				08F5BF66C0024EEA8C670976 /* CDVInAppBrowserOptions.h */,
				7BA4FE78FB3D41369C40A7CE /* CDVInAppBrowserNavigationController.h */,
				FD05464D648C4338B4ABCB6E /* CDVUIInAppBrowser.h */,
				22D18FF04FDB445A96640735 /* CDVWKInAppBrowser.h */,
				3181C625BCB64A8BAC605815 /* CDVWKInAppBrowserUIDelegate.h */,
				AAEAA48DD83549B3B78DD13F /* CDVSplashScreen.m */,
				9D2A416524EE4DE787AD4BE6 /* CDVViewController+SplashScreen.m */,
				CCBFACBE9CC24FF0B4BEABD2 /* CDVSplashScreen.h */,
				73BEE50F77DD43DBA78EAE07 /* CDVViewController+SplashScreen.h */,
				BC3D587AFCFC44BE918351E8 /* CDVStatusBar.m */,
				2ADE92BEC528495EABEE7E56 /* CDVStatusBar.h */,
				025D6D89C1FD49E8A6E982EE /* CDVNotification.m */,
				77577936DECE4301B8E8692B /* CDVNotification.h */,
				70AB5DC775A74F66AD312FEF /* CodePush.m */,
				FA33505B4EAB4B0BBFC24F1F /* CodePushPackageMetadata.m */,
				3541011E22884E8DBD6C875F /* CodePushPackageManager.m */,
				B185EE6219A44EA3BD1362B1 /* CodePushReportingManager.m */,
				4EE5D13955294688B30337AE /* InstallOptions.m */,
				3524CD138657495380F6C439 /* StatusReport.m */,
				2122CF0C3AA7468882BF713B /* UpdateHashUtils.m */,
				083D8567B09E47CA963A69AF /* Utilities.m */,
				24E382FA0E754218ABDF848C /* CDVWKWebViewEngine+CodePush.m */,
				A418A12E98C04FC095EF3453 /* CodePushJWTAlgorithmFactory.m */,
				48D6118CCA0941F3861EE2F3 /* CodePushJWTAlgorithmNone.m */,
				4F50E23F71114954A97CE6FC /* CodePushJWTAlgorithmESBase.m */,
				AEE1A128693240B4AC0FA997 /* CodePushJWTAlgorithmDataHolder.m */,
				EB887111E58F414DA27B851E /* CodePushJWTAlgorithmDataHolderChain.m */,
				5F79C7E2FFDE4BEA9CB7286D /* CodePushJWTAlgorithmHSBase.m */,
				FD85DA1AF629462FB49374B4 /* CodePushJWTAlgorithmRSBase.m */,
				4547C07DE976468B8AE06851 /* CodePushJWTCryptoKey.m */,
				355B3ACB83704BF5820B10B7 /* CodePushJWTCryptoKeyExtractor.m */,
				25CA1460080E4EB1927A7BBF /* CodePushJWTCryptoSecurity.m */,
				38E78537429B454C852EF190 /* CodePushJWTClaim.m */,
				307211CB14704A01BDE95599 /* CodePushJWTClaimsSet.m */,
				5469B7F578824B999F286723 /* CodePushJWTClaimsSetSerializer.m */,
				3B8D6BEC68EF4291B37F6FFE /* CodePushJWTClaimsSetVerifier.m */,
				BE73188B10414E0888FC5999 /* CodePushJWTCoding+ResultTypes.m */,
				011F3DFB27D9440DA6736752 /* CodePushJWTCoding+VersionOne.m */,
				E0F61B1537244952AB1B66CF /* CodePushJWTCoding+VersionThree.m */,
				FFB30141CFBA410296034B2D /* CodePushJWTCoding+VersionTwo.m */,
				7747D871DF7B46F98A4F27A2 /* CodePushJWTCoding.m */,
				D65862212C8F48DCB7E8D65F /* CodePushJWTBase64Coder.m */,
				6A421ABE25F74DF683C40655 /* CodePushJWTErrorDescription.m */,
				4470AA66682C4B1AB0149423 /* CodePushMF_Base64Additions.m */,
				CBC2EA057486456FAFC971FD /* CodePush.h */,
				2706E169AE5C4F1E87A9302F /* CodePushPackageMetadata.h */,
				34E6F7298FD045EFBFCFB2F4 /* CodePushPackageManager.h */,
				14709449C5874BBC9D3D5D27 /* CodePushReportingManager.h */,
				1DFAA4196C774A3DBC2C3F6D /* InstallOptions.h */,
				2312A167DD9245628D0821B5 /* InstallMode.h */,
				41B668904E814608AC3185C5 /* StatusReport.h */,
				7D370AABE75A4CBCBFC3381A /* UpdateHashUtils.h */,
				0A239323536442A6B79E07B3 /* Utilities.h */,
				6A1136343F604716A6B5CEE4 /* CodePushJWTAlgorithm.h */,
				9BF9618740A549A78320A1F5 /* CodePushJWTAlgorithmFactory.h */,
				463D28CBA6324DDEB74193CF /* CodePushJWTAlgorithmNone.h */,
				21E7809A6A964B40A0D6F1DB /* CodePushJWTAlgorithmESBase.h */,
				CA8A79D5B5C94E18A6FA56CD /* CodePushJWTAlgorithmDataHolder.h */,
				D3525A7EFFDD4AC1B65F002F /* CodePushJWTAlgorithmDataHolderChain.h */,
				574E1134074D406C87472DFE /* CodePushJWTAlgorithmHSBase.h */,
				3A8AAE994C7140D6AB7357E1 /* CodePushJWTAlgorithmRSBase.h */,
				529A05631F584005B25BC9D6 /* CodePushJWTRSAlgorithm.h */,
				7E2952F694EB4068AFDCA1CF /* CodePushJWTCryptoKey.h */,
				71964789EB8F4CE4AE100CAF /* CodePushJWTCryptoKeyExtractor.h */,
				600DF3B67BE141848CAADFCB /* CodePushJWTCryptoSecurity.h */,
				3BB4F7EE982B424DADAFC513 /* CodePushJWTClaim.h */,
				6727CA18F18F47718D301DCA /* CodePushJWTClaimsSet.h */,
				94F8ABE98C2F4E9AA87F415F /* CodePushJWTClaimsSetSerializer.h */,
				ECCB6B89FA6041E4816E5E1C /* CodePushJWTClaimsSetVerifier.h */,
				BAF79F45767F4A0682DC37D3 /* CodePushJWTCoding+ResultTypes.h */,
				B158EF11399240CEA655AFA6 /* CodePushJWTCoding+VersionOne.h */,
				D71CC3F2B6EC401C9C1B4904 /* CodePushJWTCoding+VersionThree.h */,
				F648352C84DD46758F48FEA8 /* CodePushJWTCoding+VersionTwo.h */,
				674A24BE9EFF44DC9A5C9947 /* CodePushJWTCoding.h */,
				5048FDE3A3124B5B8B749C1B /* CodePushJWT.h */,
				15EFE09B32114EDCA3A71535 /* CodePushJWTBase64Coder.h */,
				22D1601D87334D359DF0481D /* CodePushJWTDeprecations.h */,
				5A31579D4BA647D7873D5958 /* CodePushJWTErrorDescription.h */,
				6425B96EC2A04AFFAF48F2F4 /* CodePushMF_Base64Additions.h */,
			);
			name = Plugins;
			path = "CBD Events/Plugins";
			sourceTree = SOURCE_ROOT;
		};
		EB87FDF11871DA420020F90C /* Staging */ = {
			isa = PBXGroup;
			children = (
				F840E1F0165FE0F500CFE078 /* config.xml */,
				301BF56E109A69640062928A /* www */,
			);
			name = Staging;
			sourceTree = "<group>";
		};
/* End PBXGroup section */

/* Begin PBXNativeTarget section */
		1D6058900D05DD3D006BFB54 /* CBD Events */ = {
			isa = PBXNativeTarget;
			buildConfigurationList = 1D6058960D05DD3E006BFB54 /* Build configuration list for PBXNativeTarget "CBD Events" */;
			buildPhases = (
				304B58A110DAC018002A0835 /* Copy www directory */,
				1D60588D0D05DD3D006BFB54 /* Resources */,
				1D60588E0D05DD3D006BFB54 /* Sources */,
				1D60588F0D05DD3D006BFB54 /* Frameworks */,
			);
			buildRules = (
			);
			dependencies = (
				301BF551109A68C00062928A /* PBXTargetDependency */,
			);
			name = "CBD Events";
			productName = "CBD Events";
			productReference = 1D6058910D05DD3D006BFB54 /* CBD Events.app */;
			productType = "com.apple.product-type.application";
		};
/* End PBXNativeTarget section */

/* Begin PBXProject section */
		29B97313FDCFA39411CA2CEA /* Project object */ = {
			isa = PBXProject;
			attributes = {
				LastUpgradeCheck = 510;
				TargetAttributes = {
					1D6058900D05DD3D006BFB54 = {
						ProvisioningStyle = Automatic;
					};
				};
			};
			buildConfigurationList = C01FCF4E08A954540054247B /* Build configuration list for PBXProject "CBD Events" */;
			compatibilityVersion = "Xcode 3.2";
			developmentRegion = English;
			hasScannedForEncodings = 1;
			mainGroup = 29B97314FDCFA39411CA2CEA /* CustomTemplate */;
			projectDirPath = "";
			projectReferences = (
				{
					ProductGroup = 301BF52E109A57CC0062928A /* Products */;
					ProjectRef = 301BF52D109A57CC0062928A /* CordovaLib.xcodeproj */;
				},
			);
			projectRoot = "";
			targets = (
				1D6058900D05DD3D006BFB54 /* CBD Events */,
			);
		};
/* End PBXProject section */

/* Begin PBXReferenceProxy section */
		301BF535109A57CC0062928A /* libCordova.a */ = {
			isa = PBXReferenceProxy;
			fileType = archive.ar;
			path = libCordova.a;
			remoteRef = 301BF534109A57CC0062928A /* PBXContainerItemProxy */;
			sourceTree = BUILT_PRODUCTS_DIR;
		};
		907D8124214C687600058A10 /* Cordova.framework */ = {
			isa = PBXReferenceProxy;
			fileType = wrapper.framework;
			path = Cordova.framework;
			remoteRef = 907D8123214C687600058A10 /* PBXContainerItemProxy */;
			sourceTree = BUILT_PRODUCTS_DIR;
		};
/* End PBXReferenceProxy section */

/* Begin PBXResourcesBuildPhase section */
		1D60588D0D05DD3D006BFB54 /* Resources */ = {
			isa = PBXResourcesBuildPhase;
			buildActionMask = 2147483647;
			files = (
				302D95F214D2391D003F00A1 /* MainViewController.xib in Resources */,
				0207DA581B56EA530066E2B4 /* Images.xcassets in Resources */,
				6AFF5BF91D6E424B00AB3073 /* CDVLaunchScreen.storyboard in Resources */,
				450DC54C0E324F87AD4FA509 /* CDVNotification.bundle in Resources */,
			);
			runOnlyForDeploymentPostprocessing = 0;
		};
/* End PBXResourcesBuildPhase section */

/* Begin PBXShellScriptBuildPhase section */
		304B58A110DAC018002A0835 /* Copy www directory */ = {
			isa = PBXShellScriptBuildPhase;
			buildActionMask = 2147483647;
			files = (
			);
			inputPaths = (
			);
			name = "Copy www directory";
			outputPaths = (
			);
			runOnlyForDeploymentPostprocessing = 0;
			shellPath = /bin/sh;
			shellScript = "\"$SRCROOT/CBD Events/Scripts/copy-www-build-step.sh\"";
			showEnvVarsInLog = 0;
		};
/* End PBXShellScriptBuildPhase section */

/* Begin PBXSourcesBuildPhase section */
		1D60588E0D05DD3D006BFB54 /* Sources */ = {
			isa = PBXSourcesBuildPhase;
			buildActionMask = 2147483647;
			files = (
				1D60589B0D05DD56006BFB54 /* main.m in Sources */,
				1D3623260D0F684500981E51 /* AppDelegate.m in Sources */,
				302D95F114D2391D003F00A1 /* MainViewController.m in Sources */,
				A7FCA6B489D647FBBB0BBB70 /* CDVDevice.m in Sources */,
				4933E3A36BF848468AF81908 /* CDVFile.m in Sources */,
				1F2EAA6D43114CD99D3A8927 /* CDVLocalFilesystem.m in Sources */,
				973916566DEF4CB8B6557570 /* CDVAssetLibraryFilesystem.m in Sources */,
				5FDCE8CE86CA412FB7513A21 /* FileOpener2.m in Sources */,
				77A5BA80DA2B482AA4F3B977 /* CDVInAppBrowser.m in Sources */,
				9B8977AFE83E4098B3AB2A8C /* CDVInAppBrowserOptions.m in Sources */,
				D792F45BFEC54AC1B0249A60 /* CDVInAppBrowserNavigationController.m in Sources */,
				1A1228C951014F18898BEBA6 /* CDVUIInAppBrowser.m in Sources */,
				EED41EFE033546BEB0131777 /* CDVWKInAppBrowser.m in Sources */,
				669AB7EB38F64B73849A72C2 /* CDVWKInAppBrowserUIDelegate.m in Sources */,
				362868F6021943FB9BA197E5 /* CDVSplashScreen.m in Sources */,
				A92134E6AF91499B8F57192D /* CDVViewController+SplashScreen.m in Sources */,
				4E1ACE20922446128BB78145 /* CDVStatusBar.m in Sources */,
				F7D3076B60B4446FA8D1CD4C /* CDVNotification.m in Sources */,
				3E581E78971746858CEAEA1B /* CodePush.m in Sources */,
				A4D9FABF5D764C5DBD737D04 /* CodePushPackageMetadata.m in Sources */,
				CBBB60C646364A088E67DCA2 /* CodePushPackageManager.m in Sources */,
				3C14A9476F16452F96F90BE6 /* CodePushReportingManager.m in Sources */,
				053EE039C3C245F883CAE7CE /* InstallOptions.m in Sources */,
				A04C48494A2D4B38B136FCB9 /* StatusReport.m in Sources */,
				4819C5ADBC74452095881967 /* UpdateHashUtils.m in Sources */,
				89725E6458CA4EE7A71D840D /* Utilities.m in Sources */,
				919CCDEE73F644AEAF10C0C8 /* CDVWKWebViewEngine+CodePush.m in Sources */,
				4FB47054451A41F9BF7C38D1 /* CodePushJWTAlgorithmFactory.m in Sources */,
				B9E63F360E344921963F8AA9 /* CodePushJWTAlgorithmNone.m in Sources */,
				A4A071CC243545FDB6CC4236 /* CodePushJWTAlgorithmESBase.m in Sources */,
				B6DD0AFEC5F64ED8AF911EF0 /* CodePushJWTAlgorithmDataHolder.m in Sources */,
				3D76BB8DCF3C4A54AD7310E9 /* CodePushJWTAlgorithmDataHolderChain.m in Sources */,
				A54132EBBABC47F993913F89 /* CodePushJWTAlgorithmHSBase.m in Sources */,
				66E450B1128B49D6BE791FDA /* CodePushJWTAlgorithmRSBase.m in Sources */,
				EDD7BC5C8D98493B8E8B8BFC /* CodePushJWTCryptoKey.m in Sources */,
				50F7C9B77E28491E94971F2B /* CodePushJWTCryptoKeyExtractor.m in Sources */,
				CD1148FB61F6407B93D66533 /* CodePushJWTCryptoSecurity.m in Sources */,
				D1F043656582473F935A9EB3 /* CodePushJWTClaim.m in Sources */,
				379DEE873A57449FB748DEB4 /* CodePushJWTClaimsSet.m in Sources */,
				4618ECCAFA6A417FABEFE25B /* CodePushJWTClaimsSetSerializer.m in Sources */,
				E53F763B5C0B42B6B2166E4E /* CodePushJWTClaimsSetVerifier.m in Sources */,
				37B6E010B89B41CF9C1DA5C1 /* CodePushJWTCoding+ResultTypes.m in Sources */,
				375DC8D3E5884C7E8DFD9744 /* CodePushJWTCoding+VersionOne.m in Sources */,
				28285899817840B493600539 /* CodePushJWTCoding+VersionThree.m in Sources */,
				2C1DE1B552B245379D81A29D /* CodePushJWTCoding+VersionTwo.m in Sources */,
				F185B61CE3844E579AC76F1C /* CodePushJWTCoding.m in Sources */,
				76499F0A9ED74D9D87751CCE /* CodePushJWTBase64Coder.m in Sources */,
				8EFB651D89B0467DA70BDF25 /* CodePushJWTErrorDescription.m in Sources */,
				6AD897ECED60466F88117716 /* CodePushMF_Base64Additions.m in Sources */,
			);
			runOnlyForDeploymentPostprocessing = 0;
		};
/* End PBXSourcesBuildPhase section */

/* Begin PBXTargetDependency section */
		301BF551109A68C00062928A /* PBXTargetDependency */ = {
			isa = PBXTargetDependency;
			name = CordovaLib;
			targetProxy = 301BF550109A68C00062928A /* PBXContainerItemProxy */;
		};
/* End PBXTargetDependency section */

/* Begin XCBuildConfiguration section */
		1D6058940D05DD3E006BFB54 /* Debug */ = {
			isa = XCBuildConfiguration;
			baseConfigurationReference = 3047A50F1AB8059700498E2A /* build-debug.xcconfig */;
			buildSettings = {
				ALWAYS_SEARCH_USER_PATHS = NO;
				ASSETCATALOG_COMPILER_APPICON_NAME = AppIcon;
				CLANG_ENABLE_MODULES = YES;
				CLANG_ENABLE_OBJC_ARC = YES;
				COPY_PHASE_STRIP = NO;
				GCC_DYNAMIC_NO_PIC = NO;
				GCC_OPTIMIZATION_LEVEL = 0;
				GCC_PRECOMPILE_PREFIX_HEADER = YES;
				GCC_PREFIX_HEADER = "CBD Events/CBD Events-Prefix.pch";
				GCC_THUMB_SUPPORT = NO;
				GCC_VERSION = "";
				INFOPLIST_FILE = "CBD Events/CBD Events-Info.plist";
				IPHONEOS_DEPLOYMENT_TARGET = 10.0;
				LD_RUNPATH_SEARCH_PATHS = "@executable_path/Frameworks";
				PRODUCT_BUNDLE_IDENTIFIER = io.cordova.unbioevents;
				PRODUCT_NAME = "$(TARGET_NAME)";
				TARGETED_DEVICE_FAMILY = "1,2";
			};
			name = Debug;
		};
		1D6058950D05DD3E006BFB54 /* Release */ = {
			isa = XCBuildConfiguration;
			baseConfigurationReference = 3047A5101AB8059700498E2A /* build-release.xcconfig */;
			buildSettings = {
				ALWAYS_SEARCH_USER_PATHS = NO;
				ASSETCATALOG_COMPILER_APPICON_NAME = AppIcon;
				CLANG_ENABLE_MODULES = YES;
				CLANG_ENABLE_OBJC_ARC = YES;
				COPY_PHASE_STRIP = YES;
				GCC_PRECOMPILE_PREFIX_HEADER = YES;
				GCC_PREFIX_HEADER = "CBD Events/CBD Events-Prefix.pch";
				GCC_THUMB_SUPPORT = NO;
				GCC_VERSION = "";
				INFOPLIST_FILE = "CBD Events/CBD Events-Info.plist";
				IPHONEOS_DEPLOYMENT_TARGET = 10.0;
				LD_RUNPATH_SEARCH_PATHS = "@executable_path/Frameworks";
				PRODUCT_BUNDLE_IDENTIFIER = io.cordova.unbioevents;
				PRODUCT_NAME = "$(TARGET_NAME)";
				TARGETED_DEVICE_FAMILY = "1,2";
			};
			name = Release;
		};
		C01FCF4F08A954540054247B /* Debug */ = {
			isa = XCBuildConfiguration;
			baseConfigurationReference = 3047A5111AB8059700498E2A /* build.xcconfig */;
			buildSettings = {
				CLANG_ENABLE_MODULES = YES;
				CLANG_ENABLE_OBJC_ARC = YES;
				CLANG_WARN_BLOCK_CAPTURE_AUTORELEASING = YES;
				CLANG_WARN_BOOL_CONVERSION = YES;
				CLANG_WARN_COMMA = YES;
				CLANG_WARN_CONSTANT_CONVERSION = YES;
				CLANG_WARN_DEPRECATED_OBJC_IMPLEMENTATIONS = YES;
				CLANG_WARN_EMPTY_BODY = YES;
				CLANG_WARN_ENUM_CONVERSION = YES;
				CLANG_WARN_INFINITE_RECURSION = YES;
				CLANG_WARN_INT_CONVERSION = YES;
				CLANG_WARN_NON_LITERAL_NULL_CONVERSION = YES;
				CLANG_WARN_OBJC_IMPLICIT_RETAIN_SELF = YES;
				CLANG_WARN_OBJC_LITERAL_CONVERSION = YES;
				CLANG_WARN_RANGE_LOOP_ANALYSIS = YES;
				CLANG_WARN_STRICT_PROTOTYPES = YES;
				CLANG_WARN_SUSPICIOUS_MOVE = YES;
				CLANG_WARN_UNREACHABLE_CODE = YES;
				CLANG_WARN__DUPLICATE_METHOD_MATCH = YES;
				ENABLE_STRICT_OBJC_MSGSEND = YES;
				ENABLE_TESTABILITY = YES;
				GCC_C_LANGUAGE_STANDARD = c99;
				GCC_NO_COMMON_BLOCKS = YES;
				GCC_THUMB_SUPPORT = NO;
				GCC_VERSION = "";
				GCC_WARN_64_TO_32_BIT_CONVERSION = YES;
				GCC_WARN_ABOUT_RETURN_TYPE = YES;
				GCC_WARN_UNDECLARED_SELECTOR = YES;
				GCC_WARN_UNINITIALIZED_AUTOS = YES;
				GCC_WARN_UNUSED_FUNCTION = YES;
				GCC_WARN_UNUSED_VARIABLE = YES;
				ONLY_ACTIVE_ARCH = YES;
				SDKROOT = iphoneos;
				SKIP_INSTALL = NO;
				PRODUCT_BUNDLE_IDENTIFIER = io.cordova.unbioevents;
			};
			name = Debug;
		};
		C01FCF5008A954540054247B /* Release */ = {
			isa = XCBuildConfiguration;
			baseConfigurationReference = 3047A5111AB8059700498E2A /* build.xcconfig */;
			buildSettings = {
				CLANG_ENABLE_MODULES = YES;
				CLANG_ENABLE_OBJC_ARC = YES;
				CLANG_WARN_BLOCK_CAPTURE_AUTORELEASING = YES;
				CLANG_WARN_BOOL_CONVERSION = YES;
				CLANG_WARN_COMMA = YES;
				CLANG_WARN_CONSTANT_CONVERSION = YES;
				CLANG_WARN_DEPRECATED_OBJC_IMPLEMENTATIONS = YES;
				CLANG_WARN_EMPTY_BODY = YES;
				CLANG_WARN_ENUM_CONVERSION = YES;
				CLANG_WARN_INFINITE_RECURSION = YES;
				CLANG_WARN_INT_CONVERSION = YES;
				CLANG_WARN_NON_LITERAL_NULL_CONVERSION = YES;
				CLANG_WARN_OBJC_IMPLICIT_RETAIN_SELF = YES;
				CLANG_WARN_OBJC_LITERAL_CONVERSION = YES;
				CLANG_WARN_RANGE_LOOP_ANALYSIS = YES;
				CLANG_WARN_STRICT_PROTOTYPES = YES;
				CLANG_WARN_SUSPICIOUS_MOVE = YES;
				CLANG_WARN_UNREACHABLE_CODE = YES;
				CLANG_WARN__DUPLICATE_METHOD_MATCH = YES;
				ENABLE_STRICT_OBJC_MSGSEND = YES;
				GCC_C_LANGUAGE_STANDARD = c99;
				GCC_NO_COMMON_BLOCKS = YES;
				GCC_THUMB_SUPPORT = NO;
				GCC_VERSION = "";
				GCC_WARN_64_TO_32_BIT_CONVERSION = YES;
				GCC_WARN_ABOUT_RETURN_TYPE = YES;
				GCC_WARN_UNDECLARED_SELECTOR = YES;
				GCC_WARN_UNINITIALIZED_AUTOS = YES;
				GCC_WARN_UNUSED_FUNCTION = YES;
				GCC_WARN_UNUSED_VARIABLE = YES;
				SDKROOT = iphoneos;
				SKIP_INSTALL = NO;
				PRODUCT_BUNDLE_IDENTIFIER = io.cordova.unbioevents;
			};
			name = Release;
		};
/* End XCBuildConfiguration section */

/* Begin XCConfigurationList section */
		1D6058960D05DD3E006BFB54 /* Build configuration list for PBXNativeTarget "CBD Events" */ = {
			isa = XCConfigurationList;
			buildConfigurations = (
				1D6058940D05DD3E006BFB54 /* Debug */,
				1D6058950D05DD3E006BFB54 /* Release */,
			);
			defaultConfigurationIsVisible = 0;
			defaultConfigurationName = Release;
		};
		C01FCF4E08A954540054247B /* Build configuration list for PBXProject "CBD Events" */ = {
			isa = XCConfigurationList;
			buildConfigurations = (
				C01FCF4F08A954540054247B /* Debug */,
				C01FCF5008A954540054247B /* Release */,
			);
			defaultConfigurationIsVisible = 0;
			defaultConfigurationName = Release;
		};
/* End XCConfigurationList section */
	};
	rootObject = 29B97313FDCFA39411CA2CEA /* Project object */;
}
